
Microsoft Visual Studio Solution File, Format Version 12.00
# Visual Studio Version 16
VisualStudioVersion = 16.0.31613.86
MinimumVisualStudioVersion = 10.0.40219.1
Project("{FAE04EC0-301F-11D3-BF4B-00C04F79EFBC}") = "Laboratorio3", "Laboratorio3\Laboratorio3.csproj", "{2CE9376B-2A57-4398-A1F4-BA6D995D8EDD}"
EndProject
Global
	GlobalSection(SolutionConfigurationPlatforms) = preSolution
		Debug|Any CPU = Debug|Any CPU
		Release|Any CPU = Release|Any CPU
	EndGlobalSection
	GlobalSection(ProjectConfigurationPlatforms) = postSolution
		{2CE9376B-2A57-4398-A1F4-BA6D995D8EDD}.Debug|Any CPU.ActiveCfg = Debug|Any CPU
		{2CE9376B-2A57-4398-A1F4-BA6D995D8EDD}.Debug|Any CPU.Build.0 = Debug|Any CPU
		{2CE9376B-2A57-4398-A1F4-BA6D995D8EDD}.Release|Any CPU.ActiveCfg = Release|Any CPU
		{2CE9376B-2A57-4398-A1F4-BA6D995D8EDD}.Release|Any CPU.Build.0 = Release|Any CPU
	EndGlobalSection
	GlobalSection(SolutionProperties) = preSolution
		HideSolutionNode = FALSE
	EndGlobalSection
	GlobalSection(ExtensibilityGlobals) = postSolution
		SolutionGuid = {6428C7DF-C9C3-4A2F-885C-E57A21A50B17}
	EndGlobalSection
EndGlobal
